
Microsoft Visual Studio Solution File, Format Version 12.00
# Visual Studio Version 17
VisualStudioVersion = 17.2.32526.322
MinimumVisualStudioVersion = 10.0.40219.1
Project("{888888A0-9F3D-457C-B088-3A5042F75D52}") = "leaseupdate", "leaseupdate.pyproj", "{8882F937-BAEA-4B01-A47F-CF5A704549AD}"
EndProject
Global
	GlobalSection(SolutionConfigurationPlatforms) = preSolution
		Debug|Any CPU = Debug|Any CPU
		Release|Any CPU = Release|Any CPU
	EndGlobalSection
	GlobalSection(ProjectConfigurationPlatforms) = postSolution
		{8882F937-BAEA-4B01-A47F-CF5A704549AD}.Debug|Any CPU.ActiveCfg = Debug|Any CPU
		{8882F937-BAEA-4B01-A47F-CF5A704549AD}.Release|Any CPU.ActiveCfg = Release|Any CPU
	EndGlobalSection
	GlobalSection(SolutionProperties) = preSolution
		HideSolutionNode = FALSE
	EndGlobalSection
	GlobalSection(ExtensibilityGlobals) = postSolution
		SolutionGuid = {B023BD8B-C989-48EE-98E4-0143D621B42E}
	EndGlobalSection
EndGlobal
